
Microsoft Visual Studio Solution File, Format Version 12.00
# Visual Studio Version 17
VisualStudioVersion = 17.4.33213.308
MinimumVisualStudioVersion = 10.0.40219.1
Project("{FAE04EC0-301F-11D3-BF4B-00C04F79EFBC}") = "MitIdAuthenticatorApp", "MitIdAuthenticatorApp\MitIdAuthenticatorApp.csproj", "{609937B9-8BC9-46C6-8716-732440E29697}"
EndProject
Global
	GlobalSection(SolutionConfigurationPlatforms) = preSolution
		Debug|Any CPU = Debug|Any CPU
		Release|Any CPU = Release|Any CPU
	EndGlobalSection
	GlobalSection(ProjectConfigurationPlatforms) = postSolution
		{609937B9-8BC9-46C6-8716-732440E29697}.Debug|Any CPU.ActiveCfg = Debug|Any CPU
		{609937B9-8BC9-46C6-8716-732440E29697}.Debug|Any CPU.Build.0 = Debug|Any CPU
		{609937B9-8BC9-46C6-8716-732440E29697}.Release|Any CPU.ActiveCfg = Release|Any CPU
		{609937B9-8BC9-46C6-8716-732440E29697}.Release|Any CPU.Build.0 = Release|Any CPU
	EndGlobalSection
	GlobalSection(SolutionProperties) = preSolution
		HideSolutionNode = FALSE
	EndGlobalSection
	GlobalSection(ExtensibilityGlobals) = postSolution
		SolutionGuid = {6D5BD719-3C9C-4592-8929-88D6493A37E3}
	EndGlobalSection
EndGlobal
